github.com/algorand/go-codec v1.1.7 h1:6nvCh2nfgnfkaoVHKQyk2wxyl2GQBAlI7IkbqbB/e4s=
github.com/algorand/go-codec v1.1.7/go.mod h1:pVLQYhIVCsx9D3iy4W4Qqi0SKhx6IVhMwOvj/agFL4g=
github.com/algorand/go-codec/codec v1.1.7 h1:EFOyWf5duxbh2ru+AW1YDgmZ+MRVgqklELSqTArgp3M=
github.com/algorand/go-codec/codec v1.1.7/go.mod h1:xahKG+YDWbJCG+5M1Qkh1X+Qec4IlDVfWMeRTWYABz4=
